
Microsoft Visual Studio Solution File, Format Version 9.00
# Visual C# Express 2005
Project("{FAE04EC0-301F-11D3-BF4B-00C04F79EFBC}") = "KMLib", "KMLib\KMLib.csproj", "{29976BA4-A04D-4A80-A866-098C879C2FDE}"
EndProject
Project("{FAE04EC0-301F-11D3-BF4B-00C04F79EFBC}") = "Core", "Core\Core.csproj", "{59129078-7B12-4198-B93E-0AA08D0BB7ED}"
EndProject
Project("{FAE04EC0-301F-11D3-BF4B-00C04F79EFBC}") = "KmlTestbed", "KmlTestbed\KmlTestbed.csproj", "{7E34F466-812E-4C61-8BE3-8EED81AA4E4E}"
EndProject
Global
	GlobalSection(SolutionConfigurationPlatforms) = preSolution
		Debug|Any CPU = Debug|Any CPU
		Release|Any CPU = Release|Any CPU
	EndGlobalSection
	GlobalSection(ProjectConfigurationPlatforms) = postSolution
		{29976BA4-A04D-4A80-A866-098C879C2FDE}.Debug|Any CPU.ActiveCfg = Debug|Any CPU
		{29976BA4-A04D-4A80-A866-098C879C2FDE}.Debug|Any CPU.Build.0 = Debug|Any CPU
		{29976BA4-A04D-4A80-A866-098C879C2FDE}.Release|Any CPU.ActiveCfg = Release|Any CPU
		{29976BA4-A04D-4A80-A866-098C879C2FDE}.Release|Any CPU.Build.0 = Release|Any CPU
		{59129078-7B12-4198-B93E-0AA08D0BB7ED}.Debug|Any CPU.ActiveCfg = Debug|Any CPU
		{59129078-7B12-4198-B93E-0AA08D0BB7ED}.Debug|Any CPU.Build.0 = Debug|Any CPU
		{59129078-7B12-4198-B93E-0AA08D0BB7ED}.Release|Any CPU.ActiveCfg = Release|Any CPU
		{59129078-7B12-4198-B93E-0AA08D0BB7ED}.Release|Any CPU.Build.0 = Release|Any CPU
		{7E34F466-812E-4C61-8BE3-8EED81AA4E4E}.Debug|Any CPU.ActiveCfg = Debug|Any CPU
		{7E34F466-812E-4C61-8BE3-8EED81AA4E4E}.Debug|Any CPU.Build.0 = Debug|Any CPU
		{7E34F466-812E-4C61-8BE3-8EED81AA4E4E}.Release|Any CPU.ActiveCfg = Release|Any CPU
		{7E34F466-812E-4C61-8BE3-8EED81AA4E4E}.Release|Any CPU.Build.0 = Release|Any CPU
	EndGlobalSection
	GlobalSection(SolutionProperties) = preSolution
		HideSolutionNode = FALSE
	EndGlobalSection
EndGlobal
